# THIS IS AN AUTOGENERATED FILE. DO NOT EDIT THIS FILE DIRECTLY.
# yarn lockfile v1


"@discoveryjs/json-ext@^0.5.7":
  version "0.5.7"
  resolved "https://registry.yarnpkg.com/@discoveryjs/json-ext/-/json-ext-0.5.7.tgz#1d572bfbbe14b7704e0ba0f39b74815b84870d70"
  integrity sha512-dBVuXR082gk3jsFp7Rd/JI4kytwGHecnCoTtXFb7DB6CNHp4rg5k1bhg0nWdLGLnOV71lmDzGQaLMy8iPLY0pw==

"@types/webpack-env@^1.17.0":
  version "1.18.0"
  resolved "https://registry.yarnpkg.com/@types/webpack-env/-/webpack-env-1.18.0.tgz#ed6ecaa8e5ed5dfe8b2b3d00181702c9925f13fb"
  integrity sha512-56/MAlX5WMsPVbOg7tAxnYvNYMMWr/QJiIp6BxVSW3JJXUVzzOn64qW8TzQyMSqSUFM2+PVI4aUHcHOzIz/1tg==

chromatic@^6.9.0:
  version "6.10.0"
  resolved "https://registry.yarnpkg.com/chromatic/-/chromatic-6.10.0.tgz#8388bba0028cab9a0599dac0f64b0ac04c9050be"
  integrity sha512-K0yRZ/A1CMXSkInsKy+XYV0GAcHDB0neb8psbUngCYRsH11Wo8n2GfSOqIHKgtwrOwi/q8YlGYOP35hXB6Dvow==
  dependencies:
    "@discoveryjs/json-ext" "^0.5.7"
    "@types/webpack-env" "^1.17.0"
